
Microsoft Visual Studio Solution File, Format Version 12.00
# Visual Studio Version 17
VisualStudioVersion = 17.0.31903.59
MinimumVisualStudioVersion = 10.0.40219.1
Project("{2150E333-8FDC-42A3-9474-1A3956D46DE8}") = "src", "src", "{F7E74F22-EBAB-49BB-864A-60A7AE5ECA7F}"
EndProject
Project("{FAE04EC0-301F-11D3-BF4B-00C04F79EFBC}") = "LicitatiiService", "src\LicitatiiService\LicitatiiService.csproj", "{6F3CDF06-04E7-49CB-A331-7EB7B75CB683}"
EndProject
Project("{FAE04EC0-301F-11D3-BF4B-00C04F79EFBC}") = "SearchService", "src\SearchService\SearchService.csproj", "{DFFBCE81-3D5B-4D47-BB4E-F815C08CF54E}"
EndProject
Global
	GlobalSection(SolutionConfigurationPlatforms) = preSolution
		Debug|Any CPU = Debug|Any CPU
		Release|Any CPU = Release|Any CPU
	EndGlobalSection
	GlobalSection(SolutionProperties) = preSolution
		HideSolutionNode = FALSE
	EndGlobalSection
	GlobalSection(ProjectConfigurationPlatforms) = postSolution
		{6F3CDF06-04E7-49CB-A331-7EB7B75CB683}.Debug|Any CPU.ActiveCfg = Debug|Any CPU
		{6F3CDF06-04E7-49CB-A331-7EB7B75CB683}.Debug|Any CPU.Build.0 = Debug|Any CPU
		{6F3CDF06-04E7-49CB-A331-7EB7B75CB683}.Release|Any CPU.ActiveCfg = Release|Any CPU
		{6F3CDF06-04E7-49CB-A331-7EB7B75CB683}.Release|Any CPU.Build.0 = Release|Any CPU
		{DFFBCE81-3D5B-4D47-BB4E-F815C08CF54E}.Debug|Any CPU.ActiveCfg = Debug|Any CPU
		{DFFBCE81-3D5B-4D47-BB4E-F815C08CF54E}.Debug|Any CPU.Build.0 = Debug|Any CPU
		{DFFBCE81-3D5B-4D47-BB4E-F815C08CF54E}.Release|Any CPU.ActiveCfg = Release|Any CPU
		{DFFBCE81-3D5B-4D47-BB4E-F815C08CF54E}.Release|Any CPU.Build.0 = Release|Any CPU
	EndGlobalSection
	GlobalSection(NestedProjects) = preSolution
		{6F3CDF06-04E7-49CB-A331-7EB7B75CB683} = {F7E74F22-EBAB-49BB-864A-60A7AE5ECA7F}
		{DFFBCE81-3D5B-4D47-BB4E-F815C08CF54E} = {F7E74F22-EBAB-49BB-864A-60A7AE5ECA7F}
	EndGlobalSection
EndGlobal
